// !$*UTF8*$!
{
	archiveVersion = 1;
	classes = {
	};
	objectVersion = 46;
	objects = {

/* Begin PBXBuildFile section */
		0308A40B1DD6287E00D74A1D /* AppDelegate.swift in Sources */ = {isa = PBXBuildFile; fileRef = 0308A40A1DD6287E00D74A1D /* AppDelegate.swift */; };
		0308A40D1DD6287E00D74A1D /* RootController.swift in Sources */ = {isa = PBXBuildFile; fileRef = 0308A40C1DD6287E00D74A1D /* RootController.swift */; };
		0308A4101DD6287E00D74A1D /* Main.storyboard in Resources */ = {isa = PBXBuildFile; fileRef = 0308A40E1DD6287E00D74A1D /* Main.storyboard */; };
		0308A4131DD6287E00D74A1D /* rateme.xcdatamodeld in Sources */ = {isa = PBXBuildFile; fileRef = 0308A4111DD6287E00D74A1D /* rateme.xcdatamodeld */; };
		0308A4151DD6287E00D74A1D /* Assets.xcassets in Resources */ = {isa = PBXBuildFile; fileRef = 0308A4141DD6287E00D74A1D /* Assets.xcassets */; };
		0308A4181DD6287E00D74A1D /* LaunchScreen.storyboard in Resources */ = {isa = PBXBuildFile; fileRef = 0308A4161DD6287E00D74A1D /* LaunchScreen.storyboard */; };
		0308A4231DD6287F00D74A1D /* ratemeTests.swift in Sources */ = {isa = PBXBuildFile; fileRef = 0308A4221DD6287F00D74A1D /* ratemeTests.swift */; };
		0308A42E1DD6287F00D74A1D /* ratemeUITests.swift in Sources */ = {isa = PBXBuildFile; fileRef = 0308A42D1DD6287F00D74A1D /* ratemeUITests.swift */; };
		032003271DD657F1006B536C /* CloudKit.framework in Frameworks */ = {isa = PBXBuildFile; fileRef = 032003261DD657F1006B536C /* CloudKit.framework */; };
		032003291DD664EC006B536C /* Redux.swift in Sources */ = {isa = PBXBuildFile; fileRef = 032003281DD664EC006B536C /* Redux.swift */; };
		0320032D1DD73802006B536C /* LoadingViewController.swift in Sources */ = {isa = PBXBuildFile; fileRef = 0320032C1DD73802006B536C /* LoadingViewController.swift */; };
		0320032F1DD73858006B536C /* ICouldUnavailableViewController.swift in Sources */ = {isa = PBXBuildFile; fileRef = 0320032E1DD73858006B536C /* ICouldUnavailableViewController.swift */; };
		032003311DD73CB5006B536C /* SignupViewController.swift in Sources */ = {isa = PBXBuildFile; fileRef = 032003301DD73CB5006B536C /* SignupViewController.swift */; };
		032003341DD73CD1006B536C /* InViewController.swift in Sources */ = {isa = PBXBuildFile; fileRef = 032003331DD73CD1006B536C /* InViewController.swift */; };
		032003381DD79F5C006B536C /* Discovery.swift in Sources */ = {isa = PBXBuildFile; fileRef = 032003371DD79F5C006B536C /* Discovery.swift */; };
		0320033A1DD7A881006B536C /* BLEUser.swift in Sources */ = {isa = PBXBuildFile; fileRef = 032003391DD7A881006B536C /* BLEUser.swift */; };
		03252FB81FFD0CFC0028A95D /* Subscriber.swift in Sources */ = {isa = PBXBuildFile; fileRef = 03252FB71FFD0CFC0028A95D /* Subscriber.swift */; };
		03252FBA1FFD0D540028A95D /* State.swift in Sources */ = {isa = PBXBuildFile; fileRef = 03252FB91FFD0D540028A95D /* State.swift */; };
		03252FBC1FFD0DB00028A95D /* Actions.swift in Sources */ = {isa = PBXBuildFile; fileRef = 03252FBB1FFD0DB00028A95D /* Actions.swift */; };
		03A9404F1DDE53F3002B0034 /* CloseUserCell.swift in Sources */ = {isa = PBXBuildFile; fileRef = 03A9404E1DDE53F3002B0034 /* CloseUserCell.swift */; };
		03A940511DE069AA002B0034 /* WaveHeader.swift in Sources */ = {isa = PBXBuildFile; fileRef = 03A940501DE069AA002B0034 /* WaveHeader.swift */; };
		03A940531DE220C1002B0034 /* RatePeopleViewController.swift in Sources */ = {isa = PBXBuildFile; fileRef = 03A940521DE220C1002B0034 /* RatePeopleViewController.swift */; };
		03A940551DE22240002B0034 /* StarRating.swift in Sources */ = {isa = PBXBuildFile; fileRef = 03A940541DE22240002B0034 /* StarRating.swift */; };
		03A940571DE22D1F002B0034 /* AnimatedBackground.swift in Sources */ = {isa = PBXBuildFile; fileRef = 03A940561DE22D1F002B0034 /* AnimatedBackground.swift */; };
		03AE5B0F1DE2599600B64A76 /* StarButton.swift in Sources */ = {isa = PBXBuildFile; fileRef = 03AE5B0E1DE2599600B64A76 /* StarButton.swift */; };
		03AE5B111DE25CE300B64A76 /* star.png in Resources */ = {isa = PBXBuildFile; fileRef = 03AE5B101DE25CE300B64A76 /* star.png */; };
		03AE5B1D1DE3347700B64A76 /* rate.mp3 in Resources */ = {isa = PBXBuildFile; fileRef = 03AE5B151DE3347700B64A76 /* rate.mp3 */; };
		03AE5B1E1DE3347700B64A76 /* send.mp3 in Resources */ = {isa = PBXBuildFile; fileRef = 03AE5B161DE3347700B64A76 /* send.mp3 */; };
		03AE5B1F1DE3347700B64A76 /* star1.mp3 in Resources */ = {isa = PBXBuildFile; fileRef = 03AE5B171DE3347700B64A76 /* star1.mp3 */; };
		03AE5B201DE3347700B64A76 /* star2.mp3 in Resources */ = {isa = PBXBuildFile; fileRef = 03AE5B181DE3347700B64A76 /* star2.mp3 */; };
		03AE5B211DE3347700B64A76 /* star3.mp3 in Resources */ = {isa = PBXBuildFile; fileRef = 03AE5B191DE3347700B64A76 /* star3.mp3 */; };
		03AE5B221DE3347700B64A76 /* star4.mp3 in Resources */ = {isa = PBXBuildFile; fileRef = 03AE5B1A1DE3347700B64A76 /* star4.mp3 */; };
		03AE5B231DE3347700B64A76 /* star5.mp3 in Resources */ = {isa = PBXBuildFile; fileRef = 03AE5B1B1DE3347700B64A76 /* star5.mp3 */; };
		03AE5B241DE3347700B64A76 /* swoosh.mp3 in Resources */ = {isa = PBXBuildFile; fileRef = 03AE5B1C1DE3347700B64A76 /* swoosh.mp3 */; };
/* End PBXBuildFile section */

/* Begin PBXContainerItemProxy section */
		0308A41F1DD6287E00D74A1D /* PBXContainerItemProxy */ = {
			isa = PBXContainerItemProxy;
			containerPortal = 0308A3FF1DD6287E00D74A1D /* Project object */;
			proxyType = 1;
			remoteGlobalIDString = 0308A4061DD6287E00D74A1D;
			remoteInfo = rateme;
		};
		0308A42A1DD6287F00D74A1D /* PBXContainerItemProxy */ = {
			isa = PBXContainerItemProxy;
			containerPortal = 0308A3FF1DD6287E00D74A1D /* Project object */;
			proxyType = 1;
			remoteGlobalIDString = 0308A4061DD6287E00D74A1D;
			remoteInfo = rateme;
		};
/* End PBXContainerItemProxy section */

/* Begin PBXFileReference section */
		0308A4071DD6287E00D74A1D /* rateme.app */ = {isa = PBXFileReference; explicitFileType = wrapper.application; includeInIndex = 0; path = rateme.app; sourceTree = BUILT_PRODUCTS_DIR; };
		0308A40A1DD6287E00D74A1D /* AppDelegate.swift */ = {isa = PBXFileReference; lastKnownFileType = sourcecode.swift; path = AppDelegate.swift; sourceTree = "<group>"; };
		0308A40C1DD6287E00D74A1D /* RootController.swift */ = {isa = PBXFileReference; lastKnownFileType = sourcecode.swift; path = RootController.swift; sourceTree = "<group>"; };
		0308A40F1DD6287E00D74A1D /* Base */ = {isa = PBXFileReference; lastKnownFileType = file.storyboard; name = Base; path = Base.lproj/Main.storyboard; sourceTree = "<group>"; };
		0308A4121DD6287E00D74A1D /* rateme.xcdatamodel */ = {isa = PBXFileReference; lastKnownFileType = wrapper.xcdatamodel; path = rateme.xcdatamodel; sourceTree = "<group>"; };
		0308A4141DD6287E00D74A1D /* Assets.xcassets */ = {isa = PBXFileReference; lastKnownFileType = folder.assetcatalog; path = Assets.xcassets; sourceTree = "<group>"; };
		0308A4171DD6287E00D74A1D /* Base */ = {isa = PBXFileReference; lastKnownFileType = file.storyboard; name = Base; path = Base.lproj/LaunchScreen.storyboard; sourceTree = "<group>"; };
		0308A4191DD6287E00D74A1D /* Info.plist */ = {isa = PBXFileReference; lastKnownFileType = text.plist.xml; path = Info.plist; sourceTree = "<group>"; };
		0308A41E1DD6287E00D74A1D /* ratemeTests.xctest */ = {isa = PBXFileReference; explicitFileType = wrapper.cfbundle; includeInIndex = 0; path = ratemeTests.xctest; sourceTree = BUILT_PRODUCTS_DIR; };
		0308A4221DD6287F00D74A1D /* ratemeTests.swift */ = {isa = PBXFileReference; lastKnownFileType = sourcecode.swift; path = ratemeTests.swift; sourceTree = "<group>"; };
		0308A4241DD6287F00D74A1D /* Info.plist */ = {isa = PBXFileReference; lastKnownFileType = text.plist.xml; path = Info.plist; sourceTree = "<group>"; };
		0308A4291DD6287F00D74A1D /* ratemeUITests.xctest */ = {isa = PBXFileReference; explicitFileType = wrapper.cfbundle; includeInIndex = 0; path = ratemeUITests.xctest; sourceTree = BUILT_PRODUCTS_DIR; };
		0308A42D1DD6287F00D74A1D /* ratemeUITests.swift */ = {isa = PBXFileReference; lastKnownFileType = sourcecode.swift; path = ratemeUITests.swift; sourceTree = "<group>"; };
		0308A42F1DD6287F00D74A1D /* Info.plist */ = {isa = PBXFileReference; lastKnownFileType = text.plist.xml; path = Info.plist; sourceTree = "<group>"; };
		032003251DD657EF006B536C /* rateme.entitlements */ = {isa = PBXFileReference; lastKnownFileType = text.plist.entitlements; path = rateme.entitlements; sourceTree = "<group>"; };
		032003261DD657F1006B536C /* CloudKit.framework */ = {isa = PBXFileReference; lastKnownFileType = wrapper.framework; name = CloudKit.framework; path = System/Library/Frameworks/CloudKit.framework; sourceTree = SDKROOT; };
		032003281DD664EC006B536C /* Redux.swift */ = {isa = PBXFileReference; fileEncoding = 4; lastKnownFileType = sourcecode.swift; path = Redux.swift; sourceTree = "<group>"; };
		0320032C1DD73802006B536C /* LoadingViewController.swift */ = {isa = PBXFileReference; fileEncoding = 4; lastKnownFileType = sourcecode.swift; path = LoadingViewController.swift; sourceTree = "<group>"; };
		0320032E1DD73858006B536C /* ICouldUnavailableViewController.swift */ = {isa = PBXFileReference; fileEncoding = 4; lastKnownFileType = sourcecode.swift; path = ICouldUnavailableViewController.swift; sourceTree = "<group>"; };
		032003301DD73CB5006B536C /* SignupViewController.swift */ = {isa = PBXFileReference; fileEncoding = 4; lastKnownFileType = sourcecode.swift; path = SignupViewController.swift; sourceTree = "<group>"; };
		032003331DD73CD1006B536C /* InViewController.swift */ = {isa = PBXFileReference; fileEncoding = 4; lastKnownFileType = sourcecode.swift; path = InViewController.swift; sourceTree = "<group>"; };
		032003371DD79F5C006B536C /* Discovery.swift */ = {isa = PBXFileReference; fileEncoding = 4; lastKnownFileType = sourcecode.swift; path = Discovery.swift; sourceTree = "<group>"; };
		032003391DD7A881006B536C /* BLEUser.swift */ = {isa = PBXFileReference; fileEncoding = 4; lastKnownFileType = sourcecode.swift; path = BLEUser.swift; sourceTree = "<group>"; };
		03252FB71FFD0CFC0028A95D /* Subscriber.swift */ = {isa = PBXFileReference; lastKnownFileType = sourcecode.swift; path = Subscriber.swift; sourceTree = "<group>"; };
		03252FB91FFD0D540028A95D /* State.swift */ = {isa = PBXFileReference; lastKnownFileType = sourcecode.swift; path = State.swift; sourceTree = "<group>"; };
		03252FBB1FFD0DB00028A95D /* Actions.swift */ = {isa = PBXFileReference; lastKnownFileType = sourcecode.swift; path = Actions.swift; sourceTree = "<group>"; };
		03A9404E1DDE53F3002B0034 /* CloseUserCell.swift */ = {isa = PBXFileReference; fileEncoding = 4; lastKnownFileType = sourcecode.swift; path = CloseUserCell.swift; sourceTree = "<group>"; };
		03A940501DE069AA002B0034 /* WaveHeader.swift */ = {isa = PBXFileReference; fileEncoding = 4; lastKnownFileType = sourcecode.swift; path = WaveHeader.swift; sourceTree = "<group>"; };
		03A940521DE220C1002B0034 /* RatePeopleViewController.swift */ = {isa = PBXFileReference; fileEncoding = 4; lastKnownFileType = sourcecode.swift; path = RatePeopleViewController.swift; sourceTree = "<group>"; };
		03A940541DE22240002B0034 /* StarRating.swift */ = {isa = PBXFileReference; fileEncoding = 4; lastKnownFileType = sourcecode.swift; path = StarRating.swift; sourceTree = "<group>"; };
		03A940561DE22D1F002B0034 /* AnimatedBackground.swift */ = {isa = PBXFileReference; fileEncoding = 4; lastKnownFileType = sourcecode.swift; path = AnimatedBackground.swift; sourceTree = "<group>"; };
		03AE5B0E1DE2599600B64A76 /* StarButton.swift */ = {isa = PBXFileReference; fileEncoding = 4; lastKnownFileType = sourcecode.swift; path = StarButton.swift; sourceTree = "<group>"; };
		03AE5B101DE25CE300B64A76 /* star.png */ = {isa = PBXFileReference; lastKnownFileType = image.png; path = star.png; sourceTree = "<group>"; };
		03AE5B151DE3347700B64A76 /* rate.mp3 */ = {isa = PBXFileReference; lastKnownFileType = audio.mp3; path = rate.mp3; sourceTree = "<group>"; };
		03AE5B161DE3347700B64A76 /* send.mp3 */ = {isa = PBXFileReference; lastKnownFileType = audio.mp3; path = send.mp3; sourceTree = "<group>"; };
		03AE5B171DE3347700B64A76 /* star1.mp3 */ = {isa = PBXFileReference; lastKnownFileType = audio.mp3; path = star1.mp3; sourceTree = "<group>"; };
		03AE5B181DE3347700B64A76 /* star2.mp3 */ = {isa = PBXFileReference; lastKnownFileType = audio.mp3; path = star2.mp3; sourceTree = "<group>"; };
		03AE5B191DE3347700B64A76 /* star3.mp3 */ = {isa = PBXFileReference; lastKnownFileType = audio.mp3; path = star3.mp3; sourceTree = "<group>"; };
		03AE5B1A1DE3347700B64A76 /* star4.mp3 */ = {isa = PBXFileReference; lastKnownFileType = audio.mp3; path = star4.mp3; sourceTree = "<group>"; };
		03AE5B1B1DE3347700B64A76 /* star5.mp3 */ = {isa = PBXFileReference; lastKnownFileType = audio.mp3; path = star5.mp3; sourceTree = "<group>"; };
		03AE5B1C1DE3347700B64A76 /* swoosh.mp3 */ = {isa = PBXFileReference; lastKnownFileType = audio.mp3; path = swoosh.mp3; sourceTree = "<group>"; };
/* End PBXFileReference section */

/* Begin PBXFrameworksBuildPhase section */
		0308A4041DD6287E00D74A1D /* Frameworks */ = {
			isa = PBXFrameworksBuildPhase;
			buildActionMask = 2147483647;
			files = (
				032003271DD657F1006B536C /* CloudKit.framework in Frameworks */,
			);
			runOnlyForDeploymentPostprocessing = 0;
		};
		0308A41B1DD6287E00D74A1D /* Frameworks */ = {
			isa = PBXFrameworksBuildPhase;
			buildActionMask = 2147483647;
			files = (
			);
			runOnlyForDeploymentPostprocessing = 0;
		};
		0308A4261DD6287F00D74A1D /* Frameworks */ = {
			isa = PBXFrameworksBuildPhase;
			buildActionMask = 2147483647;
			files = (
			);
			runOnlyForDeploymentPostprocessing = 0;
		};
/* End PBXFrameworksBuildPhase section */

/* Begin PBXGroup section */
		0308A3FE1DD6287E00D74A1D = {
			isa = PBXGroup;
			children = (
				0308A4091DD6287E00D74A1D /* rateme */,
				0308A4211DD6287F00D74A1D /* ratemeTests */,
				0308A42C1DD6287F00D74A1D /* ratemeUITests */,
				0308A4081DD6287E00D74A1D /* Products */,
				9ECA7D441A6DF3AAB8EB641D /* Frameworks */,
			);
			sourceTree = "<group>";
		};
		0308A4081DD6287E00D74A1D /* Products */ = {
			isa = PBXGroup;
			children = (
				0308A4071DD6287E00D74A1D /* rateme.app */,
				0308A41E1DD6287E00D74A1D /* ratemeTests.xctest */,
				0308A4291DD6287F00D74A1D /* ratemeUITests.xctest */,
			);
			name = Products;
			sourceTree = "<group>";
		};
		0308A4091DD6287E00D74A1D /* rateme */ = {
			isa = PBXGroup;
			children = (
				03A9404D1DDE53D1002B0034 /* components */,
				032003251DD657EF006B536C /* rateme.entitlements */,
				0308A40A1DD6287E00D74A1D /* AppDelegate.swift */,
				03252FB61FFD0CD90028A95D /* Redux */,
				03AE5B141DE3346800B64A76 /* sounds */,
				032003391DD7A881006B536C /* BLEUser.swift */,
				032003371DD79F5C006B536C /* Discovery.swift */,
				036619FD1DD8DDBA00038FEF /* views */,
				0308A4141DD6287E00D74A1D /* Assets.xcassets */,
				03AE5B101DE25CE300B64A76 /* star.png */,
				0308A4161DD6287E00D74A1D /* LaunchScreen.storyboard */,
				0308A4191DD6287E00D74A1D /* Info.plist */,
				0308A4111DD6287E00D74A1D /* rateme.xcdatamodeld */,
			);
			path = rateme;
			sourceTree = "<group>";
		};
		0308A4211DD6287F00D74A1D /* ratemeTests */ = {
			isa = PBXGroup;
			children = (
				0308A4221DD6287F00D74A1D /* ratemeTests.swift */,
				0308A4241DD6287F00D74A1D /* Info.plist */,
			);
			path = ratemeTests;
			sourceTree = "<group>";
		};
		0308A42C1DD6287F00D74A1D /* ratemeUITests */ = {
			isa = PBXGroup;
			children = (
				0308A42D1DD6287F00D74A1D /* ratemeUITests.swift */,
				0308A42F1DD6287F00D74A1D /* Info.plist */,
			);
			path = ratemeUITests;
			sourceTree = "<group>";
		};
		03252FB61FFD0CD90028A95D /* Redux */ = {
			isa = PBXGroup;
			children = (
				032003281DD664EC006B536C /* Redux.swift */,
				03252FBB1FFD0DB00028A95D /* Actions.swift */,
				03252FB91FFD0D540028A95D /* State.swift */,
				03252FB71FFD0CFC0028A95D /* Subscriber.swift */,
			);
			name = Redux;
			sourceTree = "<group>";
		};
		036619FD1DD8DDBA00038FEF /* views */ = {
			isa = PBXGroup;
			children = (
				0308A40E1DD6287E00D74A1D /* Main.storyboard */,
				0320032E1DD73858006B536C /* ICouldUnavailableViewController.swift */,
				032003331DD73CD1006B536C /* InViewController.swift */,
				032003301DD73CB5006B536C /* SignupViewController.swift */,
				0320032C1DD73802006B536C /* LoadingViewController.swift */,
				0308A40C1DD6287E00D74A1D /* RootController.swift */,
				03A940521DE220C1002B0034 /* RatePeopleViewController.swift */,
			);
			name = views;
			sourceTree = "<group>";
		};
		03A9404D1DDE53D1002B0034 /* components */ = {
			isa = PBXGroup;
			children = (
				03A9404E1DDE53F3002B0034 /* CloseUserCell.swift */,
				03A940501DE069AA002B0034 /* WaveHeader.swift */,
				03A940541DE22240002B0034 /* StarRating.swift */,
				03A940561DE22D1F002B0034 /* AnimatedBackground.swift */,
				03AE5B0E1DE2599600B64A76 /* StarButton.swift */,
			);
			name = components;
			sourceTree = "<group>";
		};
		03AE5B141DE3346800B64A76 /* sounds */ = {
			isa = PBXGroup;
			children = (
				03AE5B151DE3347700B64A76 /* rate.mp3 */,
				03AE5B161DE3347700B64A76 /* send.mp3 */,
				03AE5B171DE3347700B64A76 /* star1.mp3 */,
				03AE5B181DE3347700B64A76 /* star2.mp3 */,
				03AE5B191DE3347700B64A76 /* star3.mp3 */,
				03AE5B1A1DE3347700B64A76 /* star4.mp3 */,
				03AE5B1B1DE3347700B64A76 /* star5.mp3 */,
				03AE5B1C1DE3347700B64A76 /* swoosh.mp3 */,
			);
			name = sounds;
			sourceTree = "<group>";
		};
		9ECA7D441A6DF3AAB8EB641D /* Frameworks */ = {
			isa = PBXGroup;
			children = (
				032003261DD657F1006B536C /* CloudKit.framework */,
			);
			name = Frameworks;
			sourceTree = "<group>";
		};
/* End PBXGroup section */

/* Begin PBXNativeTarget section */
		0308A4061DD6287E00D74A1D /* rateme */ = {
			isa = PBXNativeTarget;
			buildConfigurationList = 0308A4321DD6287F00D74A1D /* Build configuration list for PBXNativeTarget "rateme" */;
			buildPhases = (
				0308A4031DD6287E00D74A1D /* Sources */,
				0308A4041DD6287E00D74A1D /* Frameworks */,
				0308A4051DD6287E00D74A1D /* Resources */,
			);
			buildRules = (
			);
			dependencies = (
			);
			name = rateme;
			productName = rateme;
			productReference = 0308A4071DD6287E00D74A1D /* rateme.app */;
			productType = "com.apple.product-type.application";
		};
		0308A41D1DD6287E00D74A1D /* ratemeTests */ = {
			isa = PBXNativeTarget;
			buildConfigurationList = 0308A4351DD6287F00D74A1D /* Build configuration list for PBXNativeTarget "ratemeTests" */;
			buildPhases = (
				654744F0CD65E0B09602F321 /* [CP] Check Pods Manifest.lock */,
				0308A41A1DD6287E00D74A1D /* Sources */,
				0308A41B1DD6287E00D74A1D /* Frameworks */,
				0308A41C1DD6287E00D74A1D /* Resources */,
				D99ED25EEA2E5AB1A9F6FE52 /* [CP] Embed Pods Frameworks */,
				5749ADF18787987783F7A481 /* [CP] Copy Pods Resources */,
			);
			buildRules = (
			);
			dependencies = (
				0308A4201DD6287E00D74A1D /* PBXTargetDependency */,
			);
			name = ratemeTests;
			productName = ratemeTests;
			productReference = 0308A41E1DD6287E00D74A1D /* ratemeTests.xctest */;
			productType = "com.apple.product-type.bundle.unit-test";
		};
		0308A4281DD6287F00D74A1D /* ratemeUITests */ = {
			isa = PBXNativeTarget;
			buildConfigurationList = 0308A4381DD6287F00D74A1D /* Build configuration list for PBXNativeTarget "ratemeUITests" */;
			buildPhases = (
				B75CAB6AA9F965A6BC34BDA8 /* [CP] Check Pods Manifest.lock */,
				0308A4251DD6287F00D74A1D /* Sources */,
				0308A4261DD6287F00D74A1D /* Frameworks */,
				0308A4271DD6287F00D74A1D /* Resources */,
				3AE18EF45C13D76FC0E085F0 /* [CP] Embed Pods Frameworks */,
				9AF39A3CB1DC3ABE97314C0B /* [CP] Copy Pods Resources */,
			);
			buildRules = (
			);
			dependencies = (
				0308A42B1DD6287F00D74A1D /* PBXTargetDependency */,
			);
			name = ratemeUITests;
			productName = ratemeUITests;
			productReference = 0308A4291DD6287F00D74A1D /* ratemeUITests.xctest */;
			productType = "com.apple.product-type.bundle.ui-testing";
		};
/* End PBXNativeTarget section */

/* Begin PBXProject section */
		0308A3FF1DD6287E00D74A1D /* Project object */ = {
			isa = PBXProject;
			attributes = {
				LastSwiftUpdateCheck = 0810;
				LastUpgradeCheck = 0920;
				ORGANIZATIONNAME = "Mathieu Dutour";
				TargetAttributes = {
					0308A4061DD6287E00D74A1D = {
						CreatedOnToolsVersion = 8.1;
						DevelopmentTeam = 8SEPFSC7S3;
						LastSwiftMigration = 0920;
						ProvisioningStyle = Automatic;
						SystemCapabilities = {
							com.apple.Push = {
								enabled = 1;
							};
							com.apple.iCloud = {
								enabled = 1;
							};
						};
					};
					0308A41D1DD6287E00D74A1D = {
						CreatedOnToolsVersion = 8.1;
						DevelopmentTeam = 3Q33BGBVEH;
						LastSwiftMigration = 0920;
						ProvisioningStyle = Automatic;
						TestTargetID = 0308A4061DD6287E00D74A1D;
					};
					0308A4281DD6287F00D74A1D = {
						CreatedOnToolsVersion = 8.1;
						DevelopmentTeam = 3Q33BGBVEH;
						LastSwiftMigration = 0920;
						ProvisioningStyle = Automatic;
						TestTargetID = 0308A4061DD6287E00D74A1D;
					};
				};
			};
			buildConfigurationList = 0308A4021DD6287E00D74A1D /* Build configuration list for PBXProject "rateme" */;
			compatibilityVersion = "Xcode 3.2";
			developmentRegion = English;
			hasScannedForEncodings = 0;
			knownRegions = (
				en,
				Base,
			);
			mainGroup = 0308A3FE1DD6287E00D74A1D;
			productRefGroup = 0308A4081DD6287E00D74A1D /* Products */;
			projectDirPath = "";
			projectRoot = "";
			targets = (
				0308A4061DD6287E00D74A1D /* rateme */,
				0308A41D1DD6287E00D74A1D /* ratemeTests */,
				0308A4281DD6287F00D74A1D /* ratemeUITests */,
			);
		};
/* End PBXProject section */

/* Begin PBXResourcesBuildPhase section */
		0308A4051DD6287E00D74A1D /* Resources */ = {
			isa = PBXResourcesBuildPhase;
			buildActionMask = 2147483647;
			files = (
				0308A4181DD6287E00D74A1D /* LaunchScreen.storyboard in Resources */,
				03AE5B211DE3347700B64A76 /* star3.mp3 in Resources */,
				03AE5B1F1DE3347700B64A76 /* star1.mp3 in Resources */,
				03AE5B241DE3347700B64A76 /* swoosh.mp3 in Resources */,
				03AE5B1D1DE3347700B64A76 /* rate.mp3 in Resources */,
				03AE5B201DE3347700B64A76 /* star2.mp3 in Resources */,
				03AE5B231DE3347700B64A76 /* star5.mp3 in Resources */,
				03AE5B221DE3347700B64A76 /* star4.mp3 in Resources */,
				03AE5B1E1DE3347700B64A76 /* send.mp3 in Resources */,
				03AE5B111DE25CE300B64A76 /* star.png in Resources */,
				0308A4151DD6287E00D74A1D /* Assets.xcassets in Resources */,
				0308A4101DD6287E00D74A1D /* Main.storyboard in Resources */,
			);
			runOnlyForDeploymentPostprocessing = 0;
		};
		0308A41C1DD6287E00D74A1D /* Resources */ = {
			isa = PBXResourcesBuildPhase;
			buildActionMask = 2147483647;
			files = (
			);
			runOnlyForDeploymentPostprocessing = 0;
		};
		0308A4271DD6287F00D74A1D /* Resources */ = {
			isa = PBXResourcesBuildPhase;
			buildActionMask = 2147483647;
			files = (
			);
			runOnlyForDeploymentPostprocessing = 0;
		};
/* End PBXResourcesBuildPhase section */

/* Begin PBXShellScriptBuildPhase section */
		3AE18EF45C13D76FC0E085F0 /* [CP] Embed Pods Frameworks */ = {
			isa = PBXShellScriptBuildPhase;
			buildActionMask = 2147483647;
			files = (
			);
			inputPaths = (
			);
			name = "[CP] Embed Pods Frameworks";
			outputPaths = (
			);
			runOnlyForDeploymentPostprocessing = 0;
			shellPath = /bin/sh;
			shellScript = "\"${SRCROOT}/Pods/Target Support Files/Pods-ratemeUITests/Pods-ratemeUITests-frameworks.sh\"\n";
			showEnvVarsInLog = 0;
		};
		5749ADF18787987783F7A481 /* [CP] Copy Pods Resources */ = {
			isa = PBXShellScriptBuildPhase;
			buildActionMask = 2147483647;
			files = (
			);
			inputPaths = (
			);
			name = "[CP] Copy Pods Resources";
			outputPaths = (
			);
			runOnlyForDeploymentPostprocessing = 0;
			shellPath = /bin/sh;
			shellScript = "\"${SRCROOT}/Pods/Target Support Files/Pods-ratemeTests/Pods-ratemeTests-resources.sh\"\n";
			showEnvVarsInLog = 0;
		};
		654744F0CD65E0B09602F321 /* [CP] Check Pods Manifest.lock */ = {
			isa = PBXShellScriptBuildPhase;
			buildActionMask = 2147483647;
			files = (
			);
			inputPaths = (
			);
			name = "[CP] Check Pods Manifest.lock";
			outputPaths = (
			);
			runOnlyForDeploymentPostprocessing = 0;
			shellPath = /bin/sh;
			shellScript = "diff \"${PODS_ROOT}/../Podfile.lock\" \"${PODS_ROOT}/Manifest.lock\" > /dev/null\nif [ $? != 0 ] ; then\n    # print error to STDERR\n    echo \"error: The sandbox is not in sync with the Podfile.lock. Run 'pod install' or update your CocoaPods installation.\" >&2\n    exit 1\nfi\n";
			showEnvVarsInLog = 0;
		};
		9AF39A3CB1DC3ABE97314C0B /* [CP] Copy Pods Resources */ = {
			isa = PBXShellScriptBuildPhase;
			buildActionMask = 2147483647;
			files = (
			);
			inputPaths = (
			);
			name = "[CP] Copy Pods Resources";
			outputPaths = (
			);
			runOnlyForDeploymentPostprocessing = 0;
			shellPath = /bin/sh;
			shellScript = "\"${SRCROOT}/Pods/Target Support Files/Pods-ratemeUITests/Pods-ratemeUITests-resources.sh\"\n";
			showEnvVarsInLog = 0;
		};
		B75CAB6AA9F965A6BC34BDA8 /* [CP] Check Pods Manifest.lock */ = {
			isa = PBXShellScriptBuildPhase;
			buildActionMask = 2147483647;
			files = (
			);
			inputPaths = (
			);
			name = "[CP] Check Pods Manifest.lock";
			outputPaths = (
			);
			runOnlyForDeploymentPostprocessing = 0;
			shellPath = /bin/sh;
			shellScript = "diff \"${PODS_ROOT}/../Podfile.lock\" \"${PODS_ROOT}/Manifest.lock\" > /dev/null\nif [ $? != 0 ] ; then\n    # print error to STDERR\n    echo \"error: The sandbox is not in sync with the Podfile.lock. Run 'pod install' or update your CocoaPods installation.\" >&2\n    exit 1\nfi\n";
			showEnvVarsInLog = 0;
		};
		D99ED25EEA2E5AB1A9F6FE52 /* [CP] Embed Pods Frameworks */ = {
			isa = PBXShellScriptBuildPhase;
			buildActionMask = 2147483647;
			files = (
			);
			inputPaths = (
			);
			name = "[CP] Embed Pods Frameworks";
			outputPaths = (
			);
			runOnlyForDeploymentPostprocessing = 0;
			shellPath = /bin/sh;
			shellScript = "\"${SRCROOT}/Pods/Target Support Files/Pods-ratemeTests/Pods-ratemeTests-frameworks.sh\"\n";
			showEnvVarsInLog = 0;
		};
/* End PBXShellScriptBuildPhase section */

/* Begin PBXSourcesBuildPhase section */
		0308A4031DD6287E00D74A1D /* Sources */ = {
			isa = PBXSourcesBuildPhase;
			buildActionMask = 2147483647;
			files = (
				03A940551DE22240002B0034 /* StarRating.swift in Sources */,
				03AE5B0F1DE2599600B64A76 /* StarButton.swift in Sources */,
				032003381DD79F5C006B536C /* Discovery.swift in Sources */,
				0320032F1DD73858006B536C /* ICouldUnavailableViewController.swift in Sources */,
				032003311DD73CB5006B536C /* SignupViewController.swift in Sources */,
				03252FBA1FFD0D540028A95D /* State.swift in Sources */,
				0308A40D1DD6287E00D74A1D /* RootController.swift in Sources */,
				03252FBC1FFD0DB00028A95D /* Actions.swift in Sources */,
				03A940531DE220C1002B0034 /* RatePeopleViewController.swift in Sources */,
				0308A4131DD6287E00D74A1D /* rateme.xcdatamodeld in Sources */,
				03A940571DE22D1F002B0034 /* AnimatedBackground.swift in Sources */,
				0308A40B1DD6287E00D74A1D /* AppDelegate.swift in Sources */,
				032003291DD664EC006B536C /* Redux.swift in Sources */,
				03252FB81FFD0CFC0028A95D /* Subscriber.swift in Sources */,
				0320032D1DD73802006B536C /* LoadingViewController.swift in Sources */,
				03A9404F1DDE53F3002B0034 /* CloseUserCell.swift in Sources */,
				0320033A1DD7A881006B536C /* BLEUser.swift in Sources */,
				032003341DD73CD1006B536C /* InViewController.swift in Sources */,
				03A940511DE069AA002B0034 /* WaveHeader.swift in Sources */,
			);
			runOnlyForDeploymentPostprocessing = 0;
		};
		0308A41A1DD6287E00D74A1D /* Sources */ = {
			isa = PBXSourcesBuildPhase;
			buildActionMask = 2147483647;
			files = (
				0308A4231DD6287F00D74A1D /* ratemeTests.swift in Sources */,
			);
			runOnlyForDeploymentPostprocessing = 0;
		};
		0308A4251DD6287F00D74A1D /* Sources */ = {
			isa = PBXSourcesBuildPhase;
			buildActionMask = 2147483647;
			files = (
				0308A42E1DD6287F00D74A1D /* ratemeUITests.swift in Sources */,
			);
			runOnlyForDeploymentPostprocessing = 0;
		};
/* End PBXSourcesBuildPhase section */

/* Begin PBXTargetDependency section */
		0308A4201DD6287E00D74A1D /* PBXTargetDependency */ = {
			isa = PBXTargetDependency;
			target = 0308A4061DD6287E00D74A1D /* rateme */;
			targetProxy = 0308A41F1DD6287E00D74A1D /* PBXContainerItemProxy */;
		};
		0308A42B1DD6287F00D74A1D /* PBXTargetDependency */ = {
			isa = PBXTargetDependency;
			target = 0308A4061DD6287E00D74A1D /* rateme */;
			targetProxy = 0308A42A1DD6287F00D74A1D /* PBXContainerItemProxy */;
		};
/* End PBXTargetDependency section */

/* Begin PBXVariantGroup section */
		0308A40E1DD6287E00D74A1D /* Main.storyboard */ = {
			isa = PBXVariantGroup;
			children = (
				0308A40F1DD6287E00D74A1D /* Base */,
			);
			name = Main.storyboard;
			sourceTree = "<group>";
		};
		0308A4161DD6287E00D74A1D /* LaunchScreen.storyboard */ = {
			isa = PBXVariantGroup;
			children = (
				0308A4171DD6287E00D74A1D /* Base */,
			);
			name = LaunchScreen.storyboard;
			sourceTree = "<group>";
		};
/* End PBXVariantGroup section */

/* Begin XCBuildConfiguration section */
		0308A4301DD6287F00D74A1D /* Debug */ = {
			isa = XCBuildConfiguration;
			buildSettings = {
				ALWAYS_SEARCH_USER_PATHS = NO;
				CLANG_ANALYZER_NONNULL = YES;
				CLANG_CXX_LANGUAGE_STANDARD = "gnu++0x";
				CLANG_CXX_LIBRARY = "libc++";
				CLANG_ENABLE_MODULES = YES;
				CLANG_ENABLE_OBJC_ARC = YES;
				CLANG_WARN_BLOCK_CAPTURE_AUTORELEASING = YES;
				CLANG_WARN_BOOL_CONVERSION = YES;
				CLANG_WARN_COMMA = YES;
				CLANG_WARN_CONSTANT_CONVERSION = YES;
				CLANG_WARN_DIRECT_OBJC_ISA_USAGE = YES_ERROR;
				CLANG_WARN_DOCUMENTATION_COMMENTS = YES;
				CLANG_WARN_EMPTY_BODY = YES;
				CLANG_WARN_ENUM_CONVERSION = YES;
				CLANG_WARN_INFINITE_RECURSION = YES;
				CLANG_WARN_INT_CONVERSION = YES;
				CLANG_WARN_NON_LITERAL_NULL_CONVERSION = YES;
				CLANG_WARN_OBJC_LITERAL_CONVERSION = YES;
				CLANG_WARN_OBJC_ROOT_CLASS = YES_ERROR;
				CLANG_WARN_RANGE_LOOP_ANALYSIS = YES;
				CLANG_WARN_STRICT_PROTOTYPES = YES;
				CLANG_WARN_SUSPICIOUS_MOVE = YES;
				CLANG_WARN_SUSPICIOUS_MOVES = YES;
				CLANG_WARN_UNREACHABLE_CODE = YES;
				CLANG_WARN__DUPLICATE_METHOD_MATCH = YES;
				"CODE_SIGN_IDENTITY[sdk=iphoneos*]" = "iPhone Developer";
				COPY_PHASE_STRIP = NO;
				DEBUG_INFORMATION_FORMAT = dwarf;
				ENABLE_STRICT_OBJC_MSGSEND = YES;
				ENABLE_TESTABILITY = YES;
				GCC_C_LANGUAGE_STANDARD = gnu99;
				GCC_DYNAMIC_NO_PIC = NO;
				GCC_NO_COMMON_BLOCKS = YES;
				GCC_OPTIMIZATION_LEVEL = 0;
				GCC_PREPROCESSOR_DEFINITIONS = (
					"DEBUG=1",
					"$(inherited)",
				);
				GCC_WARN_64_TO_32_BIT_CONVERSION = YES;
				GCC_WARN_ABOUT_RETURN_TYPE = YES_ERROR;
				GCC_WARN_UNDECLARED_SELECTOR = YES;
				GCC_WARN_UNINITIALIZED_AUTOS = YES_AGGRESSIVE;
				GCC_WARN_UNUSED_FUNCTION = YES;
				GCC_WARN_UNUSED_VARIABLE = YES;
				IPHONEOS_DEPLOYMENT_TARGET = 10.1;
				MTL_ENABLE_DEBUG_INFO = YES;
				ONLY_ACTIVE_ARCH = YES;
				SDKROOT = iphoneos;
				SWIFT_ACTIVE_COMPILATION_CONDITIONS = DEBUG;
				SWIFT_OPTIMIZATION_LEVEL = "-Onone";
				TARGETED_DEVICE_FAMILY = "1,2";
			};
			name = Debug;
		};
		0308A4311DD6287F00D74A1D /* Release */ = {
			isa = XCBuildConfiguration;
			buildSettings = {
				ALWAYS_SEARCH_USER_PATHS = NO;
				CLANG_ANALYZER_NONNULL = YES;
				CLANG_CXX_LANGUAGE_STANDARD = "gnu++0x";
				CLANG_CXX_LIBRARY = "libc++";
				CLANG_ENABLE_MODULES = YES;
				CLANG_ENABLE_OBJC_ARC = YES;
				CLANG_WARN_BLOCK_CAPTURE_AUTORELEASING = YES;
				CLANG_WARN_BOOL_CONVERSION = YES;
				CLANG_WARN_COMMA = YES;
				CLANG_WARN_CONSTANT_CONVERSION = YES;
				CLANG_WARN_DIRECT_OBJC_ISA_USAGE = YES_ERROR;
				CLANG_WARN_DOCUMENTATION_COMMENTS = YES;
				CLANG_WARN_EMPTY_BODY = YES;
				CLANG_WARN_ENUM_CONVERSION = YES;
				CLANG_WARN_INFINITE_RECURSION = YES;
				CLANG_WARN_INT_CONVERSION = YES;
				CLANG_WARN_NON_LITERAL_NULL_CONVERSION = YES;
				CLANG_WARN_OBJC_LITERAL_CONVERSION = YES;
				CLANG_WARN_OBJC_ROOT_CLASS = YES_ERROR;
				CLANG_WARN_RANGE_LOOP_ANALYSIS = YES;
				CLANG_WARN_STRICT_PROTOTYPES = YES;
				CLANG_WARN_SUSPICIOUS_MOVE = YES;
				CLANG_WARN_SUSPICIOUS_MOVES = YES;
				CLANG_WARN_UNREACHABLE_CODE = YES;
				CLANG_WARN__DUPLICATE_METHOD_MATCH = YES;
				"CODE_SIGN_IDENTITY[sdk=iphoneos*]" = "iPhone Developer";
				COPY_PHASE_STRIP = NO;
				DEBUG_INFORMATION_FORMAT = "dwarf-with-dsym";
				ENABLE_NS_ASSERTIONS = NO;
				ENABLE_STRICT_OBJC_MSGSEND = YES;
				GCC_C_LANGUAGE_STANDARD = gnu99;
				GCC_NO_COMMON_BLOCKS = YES;
				GCC_WARN_64_TO_32_BIT_CONVERSION = YES;
				GCC_WARN_ABOUT_RETURN_TYPE = YES_ERROR;
				GCC_WARN_UNDECLARED_SELECTOR = YES;
				GCC_WARN_UNINITIALIZED_AUTOS = YES_AGGRESSIVE;
				GCC_WARN_UNUSED_FUNCTION = YES;
				GCC_WARN_UNUSED_VARIABLE = YES;
				IPHONEOS_DEPLOYMENT_TARGET = 10.1;
				MTL_ENABLE_DEBUG_INFO = NO;
				SDKROOT = iphoneos;
				SWIFT_OPTIMIZATION_LEVEL = "-Owholemodule";
				TARGETED_DEVICE_FAMILY = "1,2";
				VALIDATE_PRODUCT = YES;
			};
			name = Release;
		};
		0308A4331DD6287F00D74A1D /* Debug */ = {
			isa = XCBuildConfiguration;
			buildSettings = {
				ASSETCATALOG_COMPILER_APPICON_NAME = AppIcon;
				CODE_SIGN_ENTITLEMENTS = rateme/rateme.entitlements;
				DEVELOPMENT_TEAM = 8SEPFSC7S3;
				INFOPLIST_FILE = rateme/Info.plist;
				IPHONEOS_DEPLOYMENT_TARGET = 10.0;
				LD_RUNPATH_SEARCH_PATHS = "$(inherited) @executable_path/Frameworks";
				PRODUCT_BUNDLE_IDENTIFIER = me.dutour.mathieu.nosedive;
				PRODUCT_NAME = "$(TARGET_NAME)";
				SWIFT_SWIFT3_OBJC_INFERENCE = On;
				SWIFT_VERSION = 4.0;
			};
			name = Debug;
		};
		0308A4341DD6287F00D74A1D /* Release */ = {
			isa = XCBuildConfiguration;
			buildSettings = {
				ASSETCATALOG_COMPILER_APPICON_NAME = AppIcon;
				CODE_SIGN_ENTITLEMENTS = rateme/rateme.entitlements;
				DEVELOPMENT_TEAM = 8SEPFSC7S3;
				INFOPLIST_FILE = rateme/Info.plist;
				IPHONEOS_DEPLOYMENT_TARGET = 10.0;
				LD_RUNPATH_SEARCH_PATHS = "$(inherited) @executable_path/Frameworks";
				PRODUCT_BUNDLE_IDENTIFIER = me.dutour.mathieu.nosedive;
				PRODUCT_NAME = "$(TARGET_NAME)";
				SWIFT_SWIFT3_OBJC_INFERENCE = On;
				SWIFT_VERSION = 4.0;
			};
			name = Release;
		};
		0308A4361DD6287F00D74A1D /* Debug */ = {
			isa = XCBuildConfiguration;
			buildSettings = {
				ALWAYS_EMBED_SWIFT_STANDARD_LIBRARIES = YES;
				BUNDLE_LOADER = "$(TEST_HOST)";
				DEVELOPMENT_TEAM = 3Q33BGBVEH;
				INFOPLIST_FILE = ratemeTests/Info.plist;
				LD_RUNPATH_SEARCH_PATHS = "$(inherited) @executable_path/Frameworks @loader_path/Frameworks";
				PRODUCT_BUNDLE_IDENTIFIER = me.dutour.mathieu.ratemeTests;
				PRODUCT_NAME = "$(TARGET_NAME)";
				SWIFT_SWIFT3_OBJC_INFERENCE = On;
				SWIFT_VERSION = 4.0;
				TEST_HOST = "$(BUILT_PRODUCTS_DIR)/rateme.app/rateme";
			};
			name = Debug;
		};
		0308A4371DD6287F00D74A1D /* Release */ = {
			isa = XCBuildConfiguration;
			buildSettings = {
				ALWAYS_EMBED_SWIFT_STANDARD_LIBRARIES = YES;
				BUNDLE_LOADER = "$(TEST_HOST)";
				DEVELOPMENT_TEAM = 3Q33BGBVEH;
				INFOPLIST_FILE = ratemeTests/Info.plist;
				LD_RUNPATH_SEARCH_PATHS = "$(inherited) @executable_path/Frameworks @loader_path/Frameworks";
				PRODUCT_BUNDLE_IDENTIFIER = me.dutour.mathieu.ratemeTests;
				PRODUCT_NAME = "$(TARGET_NAME)";
				SWIFT_SWIFT3_OBJC_INFERENCE = On;
				SWIFT_VERSION = 4.0;
				TEST_HOST = "$(BUILT_PRODUCTS_DIR)/rateme.app/rateme";
			};
			name = Release;
		};
		0308A4391DD6287F00D74A1D /* Debug */ = {
			isa = XCBuildConfiguration;
			buildSettings = {
				ALWAYS_EMBED_SWIFT_STANDARD_LIBRARIES = YES;
				DEVELOPMENT_TEAM = 3Q33BGBVEH;
				INFOPLIST_FILE = ratemeUITests/Info.plist;
				LD_RUNPATH_SEARCH_PATHS = "$(inherited) @executable_path/Frameworks @loader_path/Frameworks";
				PRODUCT_BUNDLE_IDENTIFIER = me.dutour.mathieu.ratemeUITests;
				PRODUCT_NAME = "$(TARGET_NAME)";
				SWIFT_SWIFT3_OBJC_INFERENCE = On;
				SWIFT_VERSION = 4.0;
				TEST_TARGET_NAME = rateme;
			};
			name = Debug;
		};
		0308A43A1DD6287F00D74A1D /* Release */ = {
			isa = XCBuildConfiguration;
			buildSettings = {
				ALWAYS_EMBED_SWIFT_STANDARD_LIBRARIES = YES;
				DEVELOPMENT_TEAM = 3Q33BGBVEH;
				INFOPLIST_FILE = ratemeUITests/Info.plist;
				LD_RUNPATH_SEARCH_PATHS = "$(inherited) @executable_path/Frameworks @loader_path/Frameworks";
				PRODUCT_BUNDLE_IDENTIFIER = me.dutour.mathieu.ratemeUITests;
				PRODUCT_NAME = "$(TARGET_NAME)";
				SWIFT_SWIFT3_OBJC_INFERENCE = On;
				SWIFT_VERSION = 4.0;
				TEST_TARGET_NAME = rateme;
			};
			name = Release;
		};
/* End XCBuildConfiguration section */

/* Begin XCConfigurationList section */
		0308A4021DD6287E00D74A1D /* Build configuration list for PBXProject "rateme" */ = {
			isa = XCConfigurationList;
			buildConfigurations = (
				0308A4301DD6287F00D74A1D /* Debug */,
				0308A4311DD6287F00D74A1D /* Release */,
			);
			defaultConfigurationIsVisible = 0;
			defaultConfigurationName = Release;
		};
		0308A4321DD6287F00D74A1D /* Build configuration list for PBXNativeTarget "rateme" */ = {
			isa = XCConfigurationList;
			buildConfigurations = (
				0308A4331DD6287F00D74A1D /* Debug */,
				0308A4341DD6287F00D74A1D /* Release */,
			);
			defaultConfigurationIsVisible = 0;
			defaultConfigurationName = Release;
		};
		0308A4351DD6287F00D74A1D /* Build configuration list for PBXNativeTarget "ratemeTests" */ = {
			isa = XCConfigurationList;
			buildConfigurations = (
				0308A4361DD6287F00D74A1D /* Debug */,
				0308A4371DD6287F00D74A1D /* Release */,
			);
			defaultConfigurationIsVisible = 0;
			defaultConfigurationName = Release;
		};
		0308A4381DD6287F00D74A1D /* Build configuration list for PBXNativeTarget "ratemeUITests" */ = {
			isa = XCConfigurationList;
			buildConfigurations = (
				0308A4391DD6287F00D74A1D /* Debug */,
				0308A43A1DD6287F00D74A1D /* Release */,
			);
			defaultConfigurationIsVisible = 0;
			defaultConfigurationName = Release;
		};
/* End XCConfigurationList section */

/* Begin XCVersionGroup section */
		0308A4111DD6287E00D74A1D /* rateme.xcdatamodeld */ = {
			isa = XCVersionGroup;
			children = (
				0308A4121DD6287E00D74A1D /* rateme.xcdatamodel */,
			);
			currentVersion = 0308A4121DD6287E00D74A1D /* rateme.xcdatamodel */;
			path = rateme.xcdatamodeld;
			sourceTree = "<group>";
			versionGroupType = wrapper.xcdatamodel;
		};
/* End XCVersionGroup section */
	};
	rootObject = 0308A3FF1DD6287E00D74A1D /* Project object */;
}
